
Microsoft Visual Studio Solution File, Format Version 12.00
# Visual Studio Version 17
VisualStudioVersion = 17.1.32210.238
MinimumVisualStudioVersion = 10.0.40219.1
Project("{FAE04EC0-301F-11D3-BF4B-00C04F79EFBC}") = "NetCore.Server", "NetCore.Server\NetCore.Server.csproj", "{0C41B677-8F78-4DF3-A5C6-74B95B4B9726}"
EndProject
Project("{54A90642-561A-4BB1-A94E-469ADEE60C69}") = "React.Client", "React.Client\React.Client.esproj", "{45F4FEE3-73A8-4A69-8543-E0DECC9DEB00}"
EndProject
Global
	GlobalSection(SolutionConfigurationPlatforms) = preSolution
		Debug|Any CPU = Debug|Any CPU
		Release|Any CPU = Release|Any CPU
	EndGlobalSection
	GlobalSection(ProjectConfigurationPlatforms) = postSolution
		{0C41B677-8F78-4DF3-A5C6-74B95B4B9726}.Debug|Any CPU.ActiveCfg = Debug|Any CPU
		{0C41B677-8F78-4DF3-A5C6-74B95B4B9726}.Debug|Any CPU.Build.0 = Debug|Any CPU
		{0C41B677-8F78-4DF3-A5C6-74B95B4B9726}.Release|Any CPU.ActiveCfg = Release|Any CPU
		{0C41B677-8F78-4DF3-A5C6-74B95B4B9726}.Release|Any CPU.Build.0 = Release|Any CPU
		{45F4FEE3-73A8-4A69-8543-E0DECC9DEB00}.Debug|Any CPU.ActiveCfg = Debug|Any CPU
		{45F4FEE3-73A8-4A69-8543-E0DECC9DEB00}.Debug|Any CPU.Build.0 = Debug|Any CPU
		{45F4FEE3-73A8-4A69-8543-E0DECC9DEB00}.Debug|Any CPU.Deploy.0 = Debug|Any CPU
		{45F4FEE3-73A8-4A69-8543-E0DECC9DEB00}.Release|Any CPU.ActiveCfg = Release|Any CPU
		{45F4FEE3-73A8-4A69-8543-E0DECC9DEB00}.Release|Any CPU.Build.0 = Release|Any CPU
		{45F4FEE3-73A8-4A69-8543-E0DECC9DEB00}.Release|Any CPU.Deploy.0 = Release|Any CPU
	EndGlobalSection
	GlobalSection(SolutionProperties) = preSolution
		HideSolutionNode = FALSE
	EndGlobalSection
	GlobalSection(ExtensibilityGlobals) = postSolution
		SolutionGuid = {95002F30-B204-4ADC-B58B-9D3F6943FF19}
	EndGlobalSection
EndGlobal
